
Microsoft Visual Studio Solution File, Format Version 12.00
# Visual Studio Version 16
VisualStudioVersion = 16.0.32228.343
MinimumVisualStudioVersion = 10.0.40219.1
Project("{FAE04EC0-301F-11D3-BF4B-00C04F79EFBC}") = "Castoreum.Compression", "Castoreum.Compression\Castoreum.Compression.csproj", "{976B3235-72CF-4B4F-8AB1-817932D386E2}"
EndProject
Project("{FAE04EC0-301F-11D3-BF4B-00C04F79EFBC}") = "Castoreum.Installation", "Castoreum.Installation\Castoreum.Installation.csproj", "{654EC066-316B-4A8B-85D1-89B389AE4017}"
EndProject
Project("{FAE04EC0-301F-11D3-BF4B-00C04F79EFBC}") = "Castoreum.Watch", "Castoreum.Watch\Castoreum.Watch.csproj", "{6ABA49E7-B5D2-4D46-BD97-5C93875C5E2A}"
EndProject
Project("{FAE04EC0-301F-11D3-BF4B-00C04F79EFBC}") = "Castoreum.Config", "Castoreum.Config\Castoreum.Config.csproj", "{B2145345-8F51-4468-9E92-E82811CC76BA}"
EndProject
Project("{FAE04EC0-301F-11D3-BF4B-00C04F79EFBC}") = "Castoreum.Interface", "Castoreum.Interface\Castoreum.Interface.csproj", "{7C4CADB7-F660-423B-82D1-F4F95071A8C3}"
EndProject
Global
	GlobalSection(SolutionConfigurationPlatforms) = preSolution
		Debug|Any CPU = Debug|Any CPU
		Release|Any CPU = Release|Any CPU
	EndGlobalSection
	GlobalSection(ProjectConfigurationPlatforms) = postSolution
		{976B3235-72CF-4B4F-8AB1-817932D386E2}.Debug|Any CPU.ActiveCfg = Debug|Any CPU
		{976B3235-72CF-4B4F-8AB1-817932D386E2}.Debug|Any CPU.Build.0 = Debug|Any CPU
		{976B3235-72CF-4B4F-8AB1-817932D386E2}.Release|Any CPU.ActiveCfg = Release|Any CPU
		{976B3235-72CF-4B4F-8AB1-817932D386E2}.Release|Any CPU.Build.0 = Release|Any CPU
		{654EC066-316B-4A8B-85D1-89B389AE4017}.Debug|Any CPU.ActiveCfg = Debug|Any CPU
		{654EC066-316B-4A8B-85D1-89B389AE4017}.Debug|Any CPU.Build.0 = Debug|Any CPU
		{654EC066-316B-4A8B-85D1-89B389AE4017}.Release|Any CPU.ActiveCfg = Release|Any CPU
		{654EC066-316B-4A8B-85D1-89B389AE4017}.Release|Any CPU.Build.0 = Release|Any CPU
		{6ABA49E7-B5D2-4D46-BD97-5C93875C5E2A}.Debug|Any CPU.ActiveCfg = Debug|Any CPU
		{6ABA49E7-B5D2-4D46-BD97-5C93875C5E2A}.Debug|Any CPU.Build.0 = Debug|Any CPU
		{6ABA49E7-B5D2-4D46-BD97-5C93875C5E2A}.Release|Any CPU.ActiveCfg = Release|Any CPU
		{6ABA49E7-B5D2-4D46-BD97-5C93875C5E2A}.Release|Any CPU.Build.0 = Release|Any CPU
		{B2145345-8F51-4468-9E92-E82811CC76BA}.Debug|Any CPU.ActiveCfg = Debug|Any CPU
		{B2145345-8F51-4468-9E92-E82811CC76BA}.Debug|Any CPU.Build.0 = Debug|Any CPU
		{B2145345-8F51-4468-9E92-E82811CC76BA}.Release|Any CPU.ActiveCfg = Release|Any CPU
		{B2145345-8F51-4468-9E92-E82811CC76BA}.Release|Any CPU.Build.0 = Release|Any CPU
		{7C4CADB7-F660-423B-82D1-F4F95071A8C3}.Debug|Any CPU.ActiveCfg = Debug|Any CPU
		{7C4CADB7-F660-423B-82D1-F4F95071A8C3}.Debug|Any CPU.Build.0 = Debug|Any CPU
		{7C4CADB7-F660-423B-82D1-F4F95071A8C3}.Release|Any CPU.ActiveCfg = Release|Any CPU
		{7C4CADB7-F660-423B-82D1-F4F95071A8C3}.Release|Any CPU.Build.0 = Release|Any CPU
	EndGlobalSection
	GlobalSection(SolutionProperties) = preSolution
		HideSolutionNode = FALSE
	EndGlobalSection
	GlobalSection(ExtensibilityGlobals) = postSolution
		SolutionGuid = {6FF79A38-FB9C-4F32-BBCC-8487ABD6A689}
	EndGlobalSection
EndGlobal
